{
  "name": "M9A",
  "lockfileVersion": 2,
  "requires": true,
  "packages": {
    "": {
      "devDependencies": {
        "prettier-plugin-multiline-arrays": "^3.0.6"
      }
    },
    "node_modules/@augment-vir/common": {
      "version": "28.2.4",
      "resolved": "https://registry.npmmirror.com/@augment-vir/common/-/common-28.2.4.tgz",
      "integrity": "sha512-5Ib0OX7YlxAuFrG+MAoTsz6RlKMcbdMdoNGcEEKH/ezc/ZKMy/IHZ9Z/ZcCHYopZ4ocGXzVY4KUOiJ8+CXXvTA==",
      "dev": true,
      "dependencies": {
        "browser-or-node": "^3.0.0",
        "run-time-assertions": "^1.5.1",
        "type-fest": "^4.20.1"
      }
    },
    "node_modules/browser-or-node": {
      "version": "3.0.0",
      "resolved": "https://registry.npmmirror.com/browser-or-node/-/browser-or-node-3.0.0.tgz",
      "integrity": "sha512-iczIdVJzGEYhP5DqQxYM9Hh7Ztpqqi+CXZpSmX8ALFs9ecXkQIeqRyM6TfxEfMVpwhl3dSuDvxdzzo9sUOIVBQ==",
      "dev": true
    },
    "node_modules/expect-type": {
      "version": "0.15.0",
      "resolved": "https://registry.npmmirror.com/expect-type/-/expect-type-0.15.0.tgz",
      "integrity": "sha512-yWnriYB4e8G54M5/fAFj7rCIBiKs1HAACaY13kCz6Ku0dezjS9aMcfcdVK2X8Tv2tEV1BPz/wKfQ7WA4S/d8aA==",
      "dev": true
    },
    "node_modules/prettier": {
      "version": "3.4.0",
      "resolved": "https://registry.npmmirror.com/prettier/-/prettier-3.4.0.tgz",
      "integrity": "sha512-/OXNZcLyWkfo13ofOW5M7SLh+k5pnIs07owXK2teFpnfaOEcycnSy7HQxldaVX1ZP/7Q8oO1eDuQJNwbomQq5Q==",
      "dev": true,
      "peer": true,
      "bin": {
        "prettier": "bin/prettier.cjs"
      },
      "engines": {
        "node": ">=14"
      },
      "funding": {
        "url": "https://github.com/prettier/prettier?sponsor=1"
      }
    },
    "node_modules/prettier-plugin-multiline-arrays": {
      "version": "3.0.6",
      "resolved": "https://registry.npmmirror.com/prettier-plugin-multiline-arrays/-/prettier-plugin-multiline-arrays-3.0.6.tgz",
      "integrity": "sha512-FrWVa7MoDQo9b5XoLPrqIDClb0k+O8wOIsIr1DutRXhcerLY8PfIe/yYeTVD/vpRISkSXCBEYmj5Voe0wb5dEQ==",
      "dev": true,
      "dependencies": {
        "@augment-vir/common": "^28.1.0",
        "proxy-vir": "^1.0.0"
      },
      "peerDependencies": {
        "prettier": ">=3.0.0"
      }
    },
    "node_modules/proxy-vir": {
      "version": "1.0.0",
      "resolved": "https://registry.npmmirror.com/proxy-vir/-/proxy-vir-1.0.0.tgz",
      "integrity": "sha512-WV1gkBxUOwLSz0Bn09tisIqLK7leAqtFm/474t3L0hQKJw7/gdrkGcWw0/OT1PhSy+TDS6swfq7Niuoq3XJhkQ==",
      "dev": true,
      "dependencies": {
        "@augment-vir/common": "^23.3.4"
      }
    },
    "node_modules/proxy-vir/node_modules/@augment-vir/common": {
      "version": "23.4.0",
      "resolved": "https://registry.npmmirror.com/@augment-vir/common/-/common-23.4.0.tgz",
      "integrity": "sha512-QIrJ1doD00TNbOzeVrk9KgPTzRlIjayxERnhtbQjK/AFPj5yElcB03GbnGdQZPzws/R+5gfMM5cZiH7QyBP+Kg==",
      "dev": true,
      "dependencies": {
        "browser-or-node": "^2.1.1",
        "run-time-assertions": "^1.0.0",
        "type-fest": "^4.10.2"
      }
    },
    "node_modules/proxy-vir/node_modules/browser-or-node": {
      "version": "2.1.1",
      "resolved": "https://registry.npmmirror.com/browser-or-node/-/browser-or-node-2.1.1.tgz",
      "integrity": "sha512-8CVjaLJGuSKMVTxJ2DpBl5XnlNDiT4cQFeuCJJrvJmts9YrTZDizTX7PjC2s6W4x+MBGZeEY6dGMrF04/6Hgqg==",
      "dev": true
    },
    "node_modules/run-time-assertions": {
      "version": "1.5.2",
      "resolved": "https://registry.npmmirror.com/run-time-assertions/-/run-time-assertions-1.5.2.tgz",
      "integrity": "sha512-ccfwvjGuNU14cSSXLlmPRiqEgMfA7w3J2TViO79zMnzXGvE6FJ0dxnhIQGwe5r/vwySOJ4sqZksexo9wyAlA8g==",
      "deprecated": "Use @augment-vir/assert instead.",
      "dev": true,
      "dependencies": {
        "@augment-vir/common": "^29.3.0",
        "expect-type": "~0.15.0",
        "type-fest": "^4.22.0"
      }
    },
    "node_modules/run-time-assertions/node_modules/@augment-vir/common": {
      "version": "29.3.0",
      "resolved": "https://registry.npmmirror.com/@augment-vir/common/-/common-29.3.0.tgz",
      "integrity": "sha512-k3OX35/576thmGUzQUBcCKGarb7ONBfiu07+iV2vxmjl7VoB1rOB0vu8WqgB1ceJq2EMLDPXY18hHpJ9WeTHXQ==",
      "dev": true,
      "dependencies": {
        "browser-or-node": "^3.0.0",
        "run-time-assertions": "^1.5.1",
        "type-fest": "^4.21.0"
      }
    },
    "node_modules/type-fest": {
      "version": "4.28.0",
      "resolved": "https://registry.npmmirror.com/type-fest/-/type-fest-4.28.0.tgz",
      "integrity": "sha512-jXMwges/FVbFRe5lTMJZVEZCrO9kI9c8k0PA/z7nF3bo0JSCCLysvokFjNPIUK/itEMas10MQM+AiHoHt/T/XA==",
      "dev": true,
      "engines": {
        "node": ">=16"
      },
      "funding": {
        "url": "https://github.com/sponsors/sindresorhus"
      }
    }
  },
  "dependencies": {
    "@augment-vir/common": {
      "version": "28.2.4",
      "resolved": "https://registry.npmmirror.com/@augment-vir/common/-/common-28.2.4.tgz",
      "integrity": "sha512-5Ib0OX7YlxAuFrG+MAoTsz6RlKMcbdMdoNGcEEKH/ezc/ZKMy/IHZ9Z/ZcCHYopZ4ocGXzVY4KUOiJ8+CXXvTA==",
      "dev": true,
      "requires": {
        "browser-or-node": "^3.0.0",
        "run-time-assertions": "^1.5.1",
        "type-fest": "^4.20.1"
      }
    },
    "browser-or-node": {
      "version": "3.0.0",
      "resolved": "https://registry.npmmirror.com/browser-or-node/-/browser-or-node-3.0.0.tgz",
      "integrity": "sha512-iczIdVJzGEYhP5DqQxYM9Hh7Ztpqqi+CXZpSmX8ALFs9ecXkQIeqRyM6TfxEfMVpwhl3dSuDvxdzzo9sUOIVBQ==",
      "dev": true
    },
    "expect-type": {
      "version": "0.15.0",
      "resolved": "https://registry.npmmirror.com/expect-type/-/expect-type-0.15.0.tgz",
      "integrity": "sha512-yWnriYB4e8G54M5/fAFj7rCIBiKs1HAACaY13kCz6Ku0dezjS9aMcfcdVK2X8Tv2tEV1BPz/wKfQ7WA4S/d8aA==",
      "dev": true
    },
    "prettier": {
      "version": "3.4.0",
      "resolved": "https://registry.npmmirror.com/prettier/-/prettier-3.4.0.tgz",
      "integrity": "sha512-/OXNZcLyWkfo13ofOW5M7SLh+k5pnIs07owXK2teFpnfaOEcycnSy7HQxldaVX1ZP/7Q8oO1eDuQJNwbomQq5Q==",
      "dev": true,
      "peer": true
    },
    "prettier-plugin-multiline-arrays": {
      "version": "3.0.6",
      "resolved": "https://registry.npmmirror.com/prettier-plugin-multiline-arrays/-/prettier-plugin-multiline-arrays-3.0.6.tgz",
      "integrity": "sha512-FrWVa7MoDQo9b5XoLPrqIDClb0k+O8wOIsIr1DutRXhcerLY8PfIe/yYeTVD/vpRISkSXCBEYmj5Voe0wb5dEQ==",
      "dev": true,
      "requires": {
        "@augment-vir/common": "^28.1.0",
        "proxy-vir": "^1.0.0"
      }
    },
    "proxy-vir": {
      "version": "1.0.0",
      "resolved": "https://registry.npmmirror.com/proxy-vir/-/proxy-vir-1.0.0.tgz",
      "integrity": "sha512-WV1gkBxUOwLSz0Bn09tisIqLK7leAqtFm/474t3L0hQKJw7/gdrkGcWw0/OT1PhSy+TDS6swfq7Niuoq3XJhkQ==",
      "dev": true,
      "requires": {
        "@augment-vir/common": "^23.3.4"
      },
      "dependencies": {
        "@augment-vir/common": {
          "version": "23.4.0",
          "resolved": "https://registry.npmmirror.com/@augment-vir/common/-/common-23.4.0.tgz",
          "integrity": "sha512-QIrJ1doD00TNbOzeVrk9KgPTzRlIjayxERnhtbQjK/AFPj5yElcB03GbnGdQZPzws/R+5gfMM5cZiH7QyBP+Kg==",
          "dev": true,
          "requires": {
            "browser-or-node": "^2.1.1",
            "run-time-assertions": "^1.0.0",
            "type-fest": "^4.10.2"
          }
        },
        "browser-or-node": {
          "version": "2.1.1",
          "resolved": "https://registry.npmmirror.com/browser-or-node/-/browser-or-node-2.1.1.tgz",
          "integrity": "sha512-8CVjaLJGuSKMVTxJ2DpBl5XnlNDiT4cQFeuCJJrvJmts9YrTZDizTX7PjC2s6W4x+MBGZeEY6dGMrF04/6Hgqg==",
          "dev": true
        }
      }
    },
    "run-time-assertions": {
      "version": "1.5.2",
      "resolved": "https://registry.npmmirror.com/run-time-assertions/-/run-time-assertions-1.5.2.tgz",
      "integrity": "sha512-ccfwvjGuNU14cSSXLlmPRiqEgMfA7w3J2TViO79zMnzXGvE6FJ0dxnhIQGwe5r/vwySOJ4sqZksexo9wyAlA8g==",
      "dev": true,
      "requires": {
        "@augment-vir/common": "^29.3.0",
        "expect-type": "~0.15.0",
        "type-fest": "^4.22.0"
      },
      "dependencies": {
        "@augment-vir/common": {
          "version": "29.3.0",
          "resolved": "https://registry.npmmirror.com/@augment-vir/common/-/common-29.3.0.tgz",
          "integrity": "sha512-k3OX35/576thmGUzQUBcCKGarb7ONBfiu07+iV2vxmjl7VoB1rOB0vu8WqgB1ceJq2EMLDPXY18hHpJ9WeTHXQ==",
          "dev": true,
          "requires": {
            "browser-or-node": "^3.0.0",
            "run-time-assertions": "^1.5.1",
            "type-fest": "^4.21.0"
          }
        }
      }
    },
    "type-fest": {
      "version": "4.28.0",
      "resolved": "https://registry.npmmirror.com/type-fest/-/type-fest-4.28.0.tgz",
      "integrity": "sha512-jXMwges/FVbFRe5lTMJZVEZCrO9kI9c8k0PA/z7nF3bo0JSCCLysvokFjNPIUK/itEMas10MQM+AiHoHt/T/XA==",
      "dev": true
    }
  }
}
